
Microsoft Visual Studio Solution File, Format Version 12.00
# Visual Studio 14
VisualStudioVersion = 14.0.25420.1
MinimumVisualStudioVersion = 10.0.40219.1
Project("{8BC9CEB8-8B4A-11D0-8D11-00A0C91BC942}") = "Client", "build\Client\Client.vcxproj", "{145FF5AF-3AD7-4A41-8A85-51A1F8735449}"
EndProject
Project("{8BC9CEB8-8B4A-11D0-8D11-00A0C91BC942}") = "Server", "build\Server\Server.vcxproj", "{5C62F282-6BAE-447B-806F-DB43A521D2BB}"
EndProject
Project("{8BC9CEB8-8B4A-11D0-8D11-00A0C91BC942}") = "ThirdLibrary", "ThirdLibrary\ThirdLibrary.vcxitems", "{45D41ACC-2C3C-43D2-BC10-02AA73FFC7C7}"
EndProject
Project("{8BC9CEB8-8B4A-11D0-8D11-00A0C91BC942}") = "CommonData", "CommonData\CommonData.vcxitems", "{555A922B-FF45-44AD-8688-86B108ADD45A}"
EndProject
Global
	GlobalSection(SharedMSBuildProjectFiles) = preSolution
		ThirdLibrary\ThirdLibrary.vcxitems*{145ff5af-3ad7-4a41-8a85-51a1f8735449}*SharedItemsImports = 4
		ThirdLibrary\ThirdLibrary.vcxitems*{45d41acc-2c3c-43d2-bc10-02aa73ffc7c7}*SharedItemsImports = 9
		CommonData\CommonData.vcxitems*{555a922b-ff45-44ad-8688-86b108add45a}*SharedItemsImports = 9
		ThirdLibrary\ThirdLibrary.vcxitems*{5c62f282-6bae-447b-806f-db43a521d2bb}*SharedItemsImports = 4
	EndGlobalSection
	GlobalSection(SolutionConfigurationPlatforms) = preSolution
		Debug|x64 = Debug|x64
		Debug|x86 = Debug|x86
		Release|x64 = Release|x64
		Release|x86 = Release|x86
	EndGlobalSection
	GlobalSection(ProjectConfigurationPlatforms) = postSolution
		{145FF5AF-3AD7-4A41-8A85-51A1F8735449}.Debug|x64.ActiveCfg = Debug|x64
		{145FF5AF-3AD7-4A41-8A85-51A1F8735449}.Debug|x64.Build.0 = Debug|x64
		{145FF5AF-3AD7-4A41-8A85-51A1F8735449}.Debug|x86.ActiveCfg = Debug|Win32
		{145FF5AF-3AD7-4A41-8A85-51A1F8735449}.Debug|x86.Build.0 = Debug|Win32
		{145FF5AF-3AD7-4A41-8A85-51A1F8735449}.Release|x64.ActiveCfg = Release|x64
		{145FF5AF-3AD7-4A41-8A85-51A1F8735449}.Release|x64.Build.0 = Release|x64
		{145FF5AF-3AD7-4A41-8A85-51A1F8735449}.Release|x86.ActiveCfg = Release|Win32
		{145FF5AF-3AD7-4A41-8A85-51A1F8735449}.Release|x86.Build.0 = Release|Win32
		{5C62F282-6BAE-447B-806F-DB43A521D2BB}.Debug|x64.ActiveCfg = Debug|x64
		{5C62F282-6BAE-447B-806F-DB43A521D2BB}.Debug|x64.Build.0 = Debug|x64
		{5C62F282-6BAE-447B-806F-DB43A521D2BB}.Debug|x86.ActiveCfg = Debug|Win32
		{5C62F282-6BAE-447B-806F-DB43A521D2BB}.Debug|x86.Build.0 = Debug|Win32
		{5C62F282-6BAE-447B-806F-DB43A521D2BB}.Release|x64.ActiveCfg = Release|x64
		{5C62F282-6BAE-447B-806F-DB43A521D2BB}.Release|x64.Build.0 = Release|x64
		{5C62F282-6BAE-447B-806F-DB43A521D2BB}.Release|x86.ActiveCfg = Release|Win32
		{5C62F282-6BAE-447B-806F-DB43A521D2BB}.Release|x86.Build.0 = Release|Win32
	EndGlobalSection
	GlobalSection(SolutionProperties) = preSolution
		HideSolutionNode = FALSE
	EndGlobalSection
EndGlobal
