<?xml version="1.0" encoding="utf-8"?>
<Project ToolsVersion="4.0" xmlns="http://schemas.microsoft.com/developer/msbuild/2003">
  <ItemGroup>
    <Filter Include="rapidjson">
      <UniqueIdentifier>{af77a246-e57c-4774-bf00-33699ac0cf55}</UniqueIdentifier>
    </Filter>
    <Filter Include="gason">
      <UniqueIdentifier>{301bda86-68dc-4ec6-a14a-b900e6bb0bbf}</UniqueIdentifier>
    </Filter>
    <Filter Include="zeromq">
      <UniqueIdentifier>{36ec4f55-58e1-45f6-904a-9737d0f3e3d8}</UniqueIdentifier>
    </Filter>
    <Filter Include="spdlog">
      <UniqueIdentifier>{16e4640a-ac3a-4750-a5f3-f49b0b5b5430}</UniqueIdentifier>
    </Filter>
  </ItemGroup>
  <ItemGroup>
    <ClInclude Include="$(MSBuildThisFileDirectory)..\include\rapidjson\allocators.h">
      <Filter>rapidjson</Filter>
    </ClInclude>
    <ClInclude Include="$(MSBuildThisFileDirectory)..\include\rapidjson\document.h">
      <Filter>rapidjson</Filter>
    </ClInclude>
    <ClInclude Include="$(MSBuildThisFileDirectory)..\include\rapidjson\encodedstream.h">
      <Filter>rapidjson</Filter>
    </ClInclude>
    <ClInclude Include="$(MSBuildThisFileDirectory)..\include\rapidjson\encodings.h">
      <Filter>rapidjson</Filter>
    </ClInclude>
    <ClInclude Include="$(MSBuildThisFileDirectory)..\include\rapidjson\filereadstream.h">
      <Filter>rapidjson</Filter>
    </ClInclude>
    <ClInclude Include="$(MSBuildThisFileDirectory)..\include\rapidjson\filewritestream.h">
      <Filter>rapidjson</Filter>
    </ClInclude>
    <ClInclude Include="$(MSBuildThisFileDirectory)..\include\rapidjson\fwd.h">
      <Filter>rapidjson</Filter>
    </ClInclude>
    <ClInclude Include="$(MSBuildThisFileDirectory)..\include\rapidjson\istreamwrapper.h">
      <Filter>rapidjson</Filter>
    </ClInclude>
    <ClInclude Include="$(MSBuildThisFileDirectory)..\include\rapidjson\memorybuffer.h">
      <Filter>rapidjson</Filter>
    </ClInclude>
    <ClInclude Include="$(MSBuildThisFileDirectory)..\include\rapidjson\memorystream.h">
      <Filter>rapidjson</Filter>
    </ClInclude>
    <ClInclude Include="$(MSBuildThisFileDirectory)..\include\rapidjson\ostreamwrapper.h">
      <Filter>rapidjson</Filter>
    </ClInclude>
    <ClInclude Include="$(MSBuildThisFileDirectory)..\include\rapidjson\pointer.h">
      <Filter>rapidjson</Filter>
    </ClInclude>
    <ClInclude Include="$(MSBuildThisFileDirectory)..\include\rapidjson\prettywriter.h">
      <Filter>rapidjson</Filter>
    </ClInclude>
    <ClInclude Include="$(MSBuildThisFileDirectory)..\include\rapidjson\rapidjson.h">
      <Filter>rapidjson</Filter>
    </ClInclude>
    <ClInclude Include="$(MSBuildThisFileDirectory)..\include\rapidjson\reader.h">
      <Filter>rapidjson</Filter>
    </ClInclude>
    <ClInclude Include="$(MSBuildThisFileDirectory)..\include\rapidjson\schema.h">
      <Filter>rapidjson</Filter>
    </ClInclude>
    <ClInclude Include="$(MSBuildThisFileDirectory)..\include\rapidjson\stream.h">
      <Filter>rapidjson</Filter>
    </ClInclude>
    <ClInclude Include="$(MSBuildThisFileDirectory)..\include\rapidjson\stringbuffer.h">
      <Filter>rapidjson</Filter>
    </ClInclude>
    <ClInclude Include="$(MSBuildThisFileDirectory)..\include\rapidjson\writer.h">
      <Filter>rapidjson</Filter>
    </ClInclude>
    <ClInclude Include="$(MSBuildThisFileDirectory)..\include\rapidjson\msinttypes\inttypes.h">
      <Filter>rapidjson</Filter>
    </ClInclude>
    <ClInclude Include="$(MSBuildThisFileDirectory)..\include\rapidjson\msinttypes\stdint.h">
      <Filter>rapidjson</Filter>
    </ClInclude>
    <ClInclude Include="$(MSBuildThisFileDirectory)..\include\rapidjson\internal\biginteger.h">
      <Filter>rapidjson</Filter>
    </ClInclude>
    <ClInclude Include="$(MSBuildThisFileDirectory)..\include\rapidjson\internal\diyfp.h">
      <Filter>rapidjson</Filter>
    </ClInclude>
    <ClInclude Include="$(MSBuildThisFileDirectory)..\include\rapidjson\internal\dtoa.h">
      <Filter>rapidjson</Filter>
    </ClInclude>
    <ClInclude Include="$(MSBuildThisFileDirectory)..\include\rapidjson\internal\ieee754.h">
      <Filter>rapidjson</Filter>
    </ClInclude>
    <ClInclude Include="$(MSBuildThisFileDirectory)..\include\rapidjson\internal\itoa.h">
      <Filter>rapidjson</Filter>
    </ClInclude>
    <ClInclude Include="$(MSBuildThisFileDirectory)..\include\rapidjson\internal\meta.h">
      <Filter>rapidjson</Filter>
    </ClInclude>
    <ClInclude Include="$(MSBuildThisFileDirectory)..\include\rapidjson\internal\pow10.h">
      <Filter>rapidjson</Filter>
    </ClInclude>
    <ClInclude Include="$(MSBuildThisFileDirectory)..\include\rapidjson\internal\regex.h">
      <Filter>rapidjson</Filter>
    </ClInclude>
    <ClInclude Include="$(MSBuildThisFileDirectory)..\include\rapidjson\internal\stack.h">
      <Filter>rapidjson</Filter>
    </ClInclude>
    <ClInclude Include="$(MSBuildThisFileDirectory)..\include\rapidjson\internal\strfunc.h">
      <Filter>rapidjson</Filter>
    </ClInclude>
    <ClInclude Include="$(MSBuildThisFileDirectory)..\include\rapidjson\internal\strtod.h">
      <Filter>rapidjson</Filter>
    </ClInclude>
    <ClInclude Include="$(MSBuildThisFileDirectory)..\include\rapidjson\internal\swap.h">
      <Filter>rapidjson</Filter>
    </ClInclude>
    <ClInclude Include="$(MSBuildThisFileDirectory)..\include\rapidjson\error\en.h">
      <Filter>rapidjson</Filter>
    </ClInclude>
    <ClInclude Include="$(MSBuildThisFileDirectory)..\include\rapidjson\error\error.h">
      <Filter>rapidjson</Filter>
    </ClInclude>
    <ClInclude Include="$(MSBuildThisFileDirectory)..\include\gason.h">
      <Filter>gason</Filter>
    </ClInclude>
    <ClInclude Include="$(MSBuildThisFileDirectory)..\include\zmq.h">
      <Filter>zeromq</Filter>
    </ClInclude>
    <ClInclude Include="$(MSBuildThisFileDirectory)..\include\zmq_utils.h">
      <Filter>zeromq</Filter>
    </ClInclude>
    <ClInclude Include="$(MSBuildThisFileDirectory)..\include\Json.h" />
    <ClInclude Include="$(MSBuildThisFileDirectory)..\include\Log.h" />
    <ClInclude Include="$(MSBuildThisFileDirectory)..\include\spdlog\async_logger.h">
      <Filter>spdlog</Filter>
    </ClInclude>
    <ClInclude Include="$(MSBuildThisFileDirectory)..\include\spdlog\common.h">
      <Filter>spdlog</Filter>
    </ClInclude>
    <ClInclude Include="$(MSBuildThisFileDirectory)..\include\spdlog\details\async_logger_impl.h">
      <Filter>spdlog</Filter>
    </ClInclude>
    <ClInclude Include="$(MSBuildThisFileDirectory)..\include\spdlog\details\async_log_helper.h">
      <Filter>spdlog</Filter>
    </ClInclude>
    <ClInclude Include="$(MSBuildThisFileDirectory)..\include\spdlog\details\file_helper.h">
      <Filter>spdlog</Filter>
    </ClInclude>
    <ClInclude Include="$(MSBuildThisFileDirectory)..\include\spdlog\details\logger_impl.h">
      <Filter>spdlog</Filter>
    </ClInclude>
    <ClInclude Include="$(MSBuildThisFileDirectory)..\include\spdlog\details\log_msg.h">
      <Filter>spdlog</Filter>
    </ClInclude>
    <ClInclude Include="$(MSBuildThisFileDirectory)..\include\spdlog\details\mpmc_bounded_q.h">
      <Filter>spdlog</Filter>
    </ClInclude>
    <ClInclude Include="$(MSBuildThisFileDirectory)..\include\spdlog\details\null_mutex.h">
      <Filter>spdlog</Filter>
    </ClInclude>
    <ClInclude Include="$(MSBuildThisFileDirectory)..\include\spdlog\details\os.h">
      <Filter>spdlog</Filter>
    </ClInclude>
    <ClInclude Include="$(MSBuildThisFileDirectory)..\include\spdlog\details\pattern_formatter_impl.h">
      <Filter>spdlog</Filter>
    </ClInclude>
    <ClInclude Include="$(MSBuildThisFileDirectory)..\include\spdlog\details\registry.h">
      <Filter>spdlog</Filter>
    </ClInclude>
    <ClInclude Include="$(MSBuildThisFileDirectory)..\include\spdlog\details\spdlog_impl.h">
      <Filter>spdlog</Filter>
    </ClInclude>
    <ClInclude Include="$(MSBuildThisFileDirectory)..\include\spdlog\fmt\bundled\printf.h">
      <Filter>spdlog</Filter>
    </ClInclude>
    <ClInclude Include="$(MSBuildThisFileDirectory)..\include\spdlog\fmt\fmt.h">
      <Filter>spdlog</Filter>
    </ClInclude>
    <ClInclude Include="$(MSBuildThisFileDirectory)..\include\spdlog\fmt\ostr.h">
      <Filter>spdlog</Filter>
    </ClInclude>
    <ClInclude Include="$(MSBuildThisFileDirectory)..\include\spdlog\formatter.h">
      <Filter>spdlog</Filter>
    </ClInclude>
    <ClInclude Include="$(MSBuildThisFileDirectory)..\include\spdlog\logger.h">
      <Filter>spdlog</Filter>
    </ClInclude>
    <ClInclude Include="$(MSBuildThisFileDirectory)..\include\spdlog\sinks\android_sink.h">
      <Filter>spdlog</Filter>
    </ClInclude>
    <ClInclude Include="$(MSBuildThisFileDirectory)..\include\spdlog\sinks\ansicolor_sink.h">
      <Filter>spdlog</Filter>
    </ClInclude>
    <ClInclude Include="$(MSBuildThisFileDirectory)..\include\spdlog\sinks\base_sink.h">
      <Filter>spdlog</Filter>
    </ClInclude>
    <ClInclude Include="$(MSBuildThisFileDirectory)..\include\spdlog\sinks\dist_sink.h">
      <Filter>spdlog</Filter>
    </ClInclude>
    <ClInclude Include="$(MSBuildThisFileDirectory)..\include\spdlog\sinks\file_sinks.h">
      <Filter>spdlog</Filter>
    </ClInclude>
    <ClInclude Include="$(MSBuildThisFileDirectory)..\include\spdlog\sinks\msvc_sink.h">
      <Filter>spdlog</Filter>
    </ClInclude>
    <ClInclude Include="$(MSBuildThisFileDirectory)..\include\spdlog\sinks\null_sink.h">
      <Filter>spdlog</Filter>
    </ClInclude>
    <ClInclude Include="$(MSBuildThisFileDirectory)..\include\spdlog\sinks\ostream_sink.h">
      <Filter>spdlog</Filter>
    </ClInclude>
    <ClInclude Include="$(MSBuildThisFileDirectory)..\include\spdlog\sinks\sink.h">
      <Filter>spdlog</Filter>
    </ClInclude>
    <ClInclude Include="$(MSBuildThisFileDirectory)..\include\spdlog\sinks\stdout_sinks.h">
      <Filter>spdlog</Filter>
    </ClInclude>
    <ClInclude Include="$(MSBuildThisFileDirectory)..\include\spdlog\sinks\syslog_sink.h">
      <Filter>spdlog</Filter>
    </ClInclude>
    <ClInclude Include="$(MSBuildThisFileDirectory)..\include\spdlog\sinks\wincolor_sink.h">
      <Filter>spdlog</Filter>
    </ClInclude>
    <ClInclude Include="$(MSBuildThisFileDirectory)..\include\spdlog\spdlog.h">
      <Filter>spdlog</Filter>
    </ClInclude>
    <ClInclude Include="$(MSBuildThisFileDirectory)..\include\spdlog\tweakme.h">
      <Filter>spdlog</Filter>
    </ClInclude>
    <ClInclude Include="$(MSBuildThisFileDirectory)..\include\Ini.h" />
  </ItemGroup>
  <ItemGroup>
    <ClCompile Include="$(MSBuildThisFileDirectory)..\src\gason.cpp">
      <Filter>gason</Filter>
    </ClCompile>
    <ClCompile Include="$(MSBuildThisFileDirectory)..\src\Json.cpp" />
    <ClCompile Include="$(MSBuildThisFileDirectory)..\src\Log.cpp" />
    <ClCompile Include="$(MSBuildThisFileDirectory)..\src\Ini.cpp" />
  </ItemGroup>
</Project>